<?xml version="1.0" encoding="UTF-8"?>
<!DOCTYPE plist PUBLIC "-//Apple//DTD PLIST 1.0//EN" "http://www.apple.com/DTDs/PropertyList-1.0.dtd">
<plist version="1.0">
<dict>
	<key>archiveVersion</key>
	<string>1</string>
	<key>classes</key>
	<dict/>
	<key>objectVersion</key>
	<string>46</string>
	<key>objects</key>
	<dict>
		<key>43197CB6D4354B298BF60FE1</key>
		<dict>
			<key>fileRef</key>
			<string>FAC5B1D2F2FE44DB88B73CB0</string>
			<key>isa</key>
			<string>PBXBuildFile</string>
		</dict>
		<key>5E246D5D187A301A00C8BDED</key>
		<dict>
			<key>children</key>
			<array>
				<string>5E246D6F187A301A00C8BDED</string>
				<string>5E246D8E187A301B00C8BDED</string>
				<string>5E246D68187A301A00C8BDED</string>
				<string>5E246D67187A301A00C8BDED</string>
				<string>782A595DB1AC4D3EB11C765C</string>
			</array>
			<key>isa</key>
			<string>PBXGroup</string>
			<key>sourceTree</key>
			<string>&lt;group&gt;</string>
		</dict>
		<key>5E246D5E187A301A00C8BDED</key>
		<dict>
			<key>attributes</key>
			<dict>
				<key>CLASSPREFIX</key>
				<string>ASH</string>
				<key>LastUpgradeCheck</key>
				<string>0500</string>
				<key>ORGANIZATIONNAME</key>
				<string>Ash Furrow</string>
				<key>TargetAttributes</key>
				<dict>
					<key>5E246D86187A301A00C8BDED</key>
					<dict>
						<key>TestTargetID</key>
						<string>5E246D65187A301A00C8BDED</string>
					</dict>
				</dict>
			</dict>
			<key>buildConfigurationList</key>
			<string>5E246D61187A301A00C8BDED</string>
			<key>compatibilityVersion</key>
			<string>Xcode 3.2</string>
			<key>developmentRegion</key>
			<string>English</string>
			<key>hasScannedForEncodings</key>
			<string>0</string>
			<key>isa</key>
			<string>PBXProject</string>
			<key>knownRegions</key>
			<array>
				<string>en</string>
				<string>Base</string>
			</array>
			<key>mainGroup</key>
			<string>5E246D5D187A301A00C8BDED</string>
			<key>productRefGroup</key>
			<string>5E246D67187A301A00C8BDED</string>
			<key>projectDirPath</key>
			<string></string>
			<key>projectReferences</key>
			<array/>
			<key>projectRoot</key>
			<string></string>
			<key>targets</key>
			<array>
				<string>5E246D65187A301A00C8BDED</string>
				<string>5E246D86187A301A00C8BDED</string>
			</array>
		</dict>
		<key>5E246D61187A301A00C8BDED</key>
		<dict>
			<key>buildConfigurations</key>
			<array>
				<string>5E246D96187A301B00C8BDED</string>
				<string>5E246D97187A301B00C8BDED</string>
			</array>
			<key>defaultConfigurationIsVisible</key>
			<string>0</string>
			<key>defaultConfigurationName</key>
			<string>Release</string>
			<key>isa</key>
			<string>XCConfigurationList</string>
		</dict>
		<key>5E246D62187A301A00C8BDED</key>
		<dict>
			<key>buildActionMask</key>
			<string>2147483647</string>
			<key>files</key>
			<array>
				<string>5E246DA0187A309D00C8BDED</string>
				<string>5E246D76187A301A00C8BDED</string>
				<string>5E246D7A187A301A00C8BDED</string>
				<string>5E246D80187A301A00C8BDED</string>
			</array>
			<key>isa</key>
			<string>PBXSourcesBuildPhase</string>
			<key>runOnlyForDeploymentPostprocessing</key>
			<string>0</string>
		</dict>
		<key>5E246D63187A301A00C8BDED</key>
		<dict>
			<key>buildActionMask</key>
			<string>2147483647</string>
			<key>files</key>
			<array>
				<string>5E246D6C187A301A00C8BDED</string>
				<string>5E246D6E187A301A00C8BDED</string>
				<string>5E246D6A187A301A00C8BDED</string>
				<string>43197CB6D4354B298BF60FE1</string>
			</array>
			<key>isa</key>
			<string>PBXFrameworksBuildPhase</string>
			<key>runOnlyForDeploymentPostprocessing</key>
			<string>0</string>
		</dict>
		<key>5E246D64187A301A00C8BDED</key>
		<dict>
			<key>buildActionMask</key>
			<string>2147483647</string>
			<key>files</key>
			<array>
				<string>5E246D82187A301A00C8BDED</string>
				<string>5E246D74187A301A00C8BDED</string>
				<string>5E246D7D187A301A00C8BDED</string>
			</array>
			<key>isa</key>
			<string>PBXResourcesBuildPhase</string>
			<key>runOnlyForDeploymentPostprocessing</key>
			<string>0</string>
		</dict>
		<key>5E246D65187A301A00C8BDED</key>
		<dict>
			<key>buildConfigurationList</key>
			<string>5E246D98187A301B00C8BDED</string>
			<key>buildPhases</key>
			<array>
				<string>8F571ACC48DA47F48CC031D5</string>
				<string>5E246D62187A301A00C8BDED</string>
				<string>5E246D63187A301A00C8BDED</string>
				<string>5E246D64187A301A00C8BDED</string>
				<string>922897D2E5A94230AE54D6DC</string>
			</array>
			<key>buildRules</key>
			<array/>
			<key>dependencies</key>
			<array/>
			<key>isa</key>
			<string>PBXNativeTarget</string>
			<key>name</key>
			<string>Angular</string>
			<key>productName</key>
			<string>Angular</string>
			<key>productReference</key>
			<string>5E246D66187A301A00C8BDED</string>
			<key>productType</key>
			<string>com.apple.product-type.application</string>
		</dict>
		<key>5E246D66187A301A00C8BDED</key>
		<dict>
			<key>explicitFileType</key>
			<string>wrapper.application</string>
			<key>includeInIndex</key>
			<string>0</string>
			<key>isa</key>
			<string>PBXFileReference</string>
			<key>path</key>
			<string>Angular.app</string>
			<key>sourceTree</key>
			<string>BUILT_PRODUCTS_DIR</string>
		</dict>
		<key>5E246D67187A301A00C8BDED</key>
		<dict>
			<key>children</key>
			<array>
				<string>5E246D66187A301A00C8BDED</string>
				<string>5E246D87187A301A00C8BDED</string>
			</array>
			<key>isa</key>
			<string>PBXGroup</string>
			<key>name</key>
			<string>Products</string>
			<key>sourceTree</key>
			<string>&lt;group&gt;</string>
		</dict>
		<key>5E246D68187A301A00C8BDED</key>
		<dict>
			<key>children</key>
			<array>
				<string>5E246D69187A301A00C8BDED</string>
				<string>5E246D6B187A301A00C8BDED</string>
				<string>5E246D6D187A301A00C8BDED</string>
				<string>5E246D88187A301A00C8BDED</string>
				<string>FAC5B1D2F2FE44DB88B73CB0</string>
			</array>
			<key>isa</key>
			<string>PBXGroup</string>
			<key>name</key>
			<string>Frameworks</string>
			<key>sourceTree</key>
			<string>&lt;group&gt;</string>
		</dict>
		<key>5E246D69187A301A00C8BDED</key>
		<dict>
			<key>isa</key>
			<string>PBXFileReference</string>
			<key>lastKnownFileType</key>
			<string>wrapper.framework</string>
			<key>name</key>
			<string>Foundation.framework</string>
			<key>path</key>
			<string>System/Library/Frameworks/Foundation.framework</string>
			<key>sourceTree</key>
			<string>SDKROOT</string>
		</dict>
		<key>5E246D6A187A301A00C8BDED</key>
		<dict>
			<key>fileRef</key>
			<string>5E246D69187A301A00C8BDED</string>
			<key>isa</key>
			<string>PBXBuildFile</string>
		</dict>
		<key>5E246D6B187A301A00C8BDED</key>
		<dict>
			<key>isa</key>
			<string>PBXFileReference</string>
			<key>lastKnownFileType</key>
			<string>wrapper.framework</string>
			<key>name</key>
			<string>CoreGraphics.framework</string>
			<key>path</key>
			<string>System/Library/Frameworks/CoreGraphics.framework</string>
			<key>sourceTree</key>
			<string>SDKROOT</string>
		</dict>
		<key>5E246D6C187A301A00C8BDED</key>
		<dict>
			<key>fileRef</key>
			<string>5E246D6B187A301A00C8BDED</string>
			<key>isa</key>
			<string>PBXBuildFile</string>
		</dict>
		<key>5E246D6D187A301A00C8BDED</key>
		<dict>
			<key>isa</key>
			<string>PBXFileReference</string>
			<key>lastKnownFileType</key>
			<string>wrapper.framework</string>
			<key>name</key>
			<string>UIKit.framework</string>
			<key>path</key>
			<string>System/Library/Frameworks/UIKit.framework</string>
			<key>sourceTree</key>
			<string>SDKROOT</string>
		</dict>
		<key>5E246D6E187A301A00C8BDED</key>
		<dict>
			<key>fileRef</key>
			<string>5E246D6D187A301A00C8BDED</string>
			<key>isa</key>
			<string>PBXBuildFile</string>
		</dict>
		<key>5E246D6F187A301A00C8BDED</key>
		<dict>
			<key>children</key>
			<array>
				<string>5E246D78187A301A00C8BDED</string>
				<string>5E246D79187A301A00C8BDED</string>
				<string>5E246D7B187A301A00C8BDED</string>
				<string>5E246DA1187A30B400C8BDED</string>
				<string>5E246D7E187A301A00C8BDED</string>
				<string>5E246D7F187A301A00C8BDED</string>
				<string>5E246D81187A301A00C8BDED</string>
				<string>5E246D70187A301A00C8BDED</string>
			</array>
			<key>isa</key>
			<string>PBXGroup</string>
			<key>path</key>
			<string>Angular</string>
			<key>sourceTree</key>
			<string>&lt;group&gt;</string>
		</dict>
		<key>5E246D70187A301A00C8BDED</key>
		<dict>
			<key>children</key>
			<array>
				<string>5E246D71187A301A00C8BDED</string>
				<string>5E246D72187A301A00C8BDED</string>
				<string>5E246D75187A301A00C8BDED</string>
				<string>5E246D77187A301A00C8BDED</string>
			</array>
			<key>isa</key>
			<string>PBXGroup</string>
			<key>name</key>
			<string>Supporting Files</string>
			<key>sourceTree</key>
			<string>&lt;group&gt;</string>
		</dict>
		<key>5E246D71187A301A00C8BDED</key>
		<dict>
			<key>isa</key>
			<string>PBXFileReference</string>
			<key>lastKnownFileType</key>
			<string>text.plist.xml</string>
			<key>path</key>
			<string>Angular-Info.plist</string>
			<key>sourceTree</key>
			<string>&lt;group&gt;</string>
		</dict>
		<key>5E246D72187A301A00C8BDED</key>
		<dict>
			<key>children</key>
			<array>
				<string>5E246D73187A301A00C8BDED</string>
			</array>
			<key>isa</key>
			<string>PBXVariantGroup</string>
			<key>name</key>
			<string>InfoPlist.strings</string>
			<key>sourceTree</key>
			<string>&lt;group&gt;</string>
		</dict>
		<key>5E246D73187A301A00C8BDED</key>
		<dict>
			<key>isa</key>
			<string>PBXFileReference</string>
			<key>lastKnownFileType</key>
			<string>text.plist.strings</string>
			<key>name</key>
			<string>en</string>
			<key>path</key>
			<string>en.lproj/InfoPlist.strings</string>
			<key>sourceTree</key>
			<string>&lt;group&gt;</string>
		</dict>
		<key>5E246D74187A301A00C8BDED</key>
		<dict>
			<key>fileRef</key>
			<string>5E246D72187A301A00C8BDED</string>
			<key>isa</key>
			<string>PBXBuildFile</string>
		</dict>
		<key>5E246D75187A301A00C8BDED</key>
		<dict>
			<key>isa</key>
			<string>PBXFileReference</string>
			<key>lastKnownFileType</key>
			<string>sourcecode.c.objc</string>
			<key>path</key>
			<string>main.m</string>
			<key>sourceTree</key>
			<string>&lt;group&gt;</string>
		</dict>
		<key>5E246D76187A301A00C8BDED</key>
		<dict>
			<key>fileRef</key>
			<string>5E246D75187A301A00C8BDED</string>
			<key>isa</key>
			<string>PBXBuildFile</string>
		</dict>
		<key>5E246D77187A301A00C8BDED</key>
		<dict>
			<key>isa</key>
			<string>PBXFileReference</string>
			<key>lastKnownFileType</key>
			<string>sourcecode.c.h</string>
			<key>path</key>
			<string>Angular-Prefix.pch</string>
			<key>sourceTree</key>
			<string>&lt;group&gt;</string>
		</dict>
		<key>5E246D78187A301A00C8BDED</key>
		<dict>
			<key>isa</key>
			<string>PBXFileReference</string>
			<key>lastKnownFileType</key>
			<string>sourcecode.c.h</string>
			<key>path</key>
			<string>ASHAppDelegate.h</string>
			<key>sourceTree</key>
			<string>&lt;group&gt;</string>
		</dict>
		<key>5E246D79187A301A00C8BDED</key>
		<dict>
			<key>isa</key>
			<string>PBXFileReference</string>
			<key>lastKnownFileType</key>
			<string>sourcecode.c.objc</string>
			<key>path</key>
			<string>ASHAppDelegate.m</string>
			<key>sourceTree</key>
			<string>&lt;group&gt;</string>
		</dict>
		<key>5E246D7A187A301A00C8BDED</key>
		<dict>
			<key>fileRef</key>
			<string>5E246D79187A301A00C8BDED</string>
			<key>isa</key>
			<string>PBXBuildFile</string>
		</dict>
		<key>5E246D7B187A301A00C8BDED</key>
		<dict>
			<key>children</key>
			<array>
				<string>5E246D7C187A301A00C8BDED</string>
			</array>
			<key>isa</key>
			<string>PBXVariantGroup</string>
			<key>name</key>
			<string>Main.storyboard</string>
			<key>sourceTree</key>
			<string>&lt;group&gt;</string>
		</dict>
		<key>5E246D7C187A301A00C8BDED</key>
		<dict>
			<key>isa</key>
			<string>PBXFileReference</string>
			<key>lastKnownFileType</key>
			<string>file.storyboard</string>
			<key>name</key>
			<string>Base</string>
			<key>path</key>
			<string>Base.lproj/Main.storyboard</string>
			<key>sourceTree</key>
			<string>&lt;group&gt;</string>
		</dict>
		<key>5E246D7D187A301A00C8BDED</key>
		<dict>
			<key>fileRef</key>
			<string>5E246D7B187A301A00C8BDED</string>
			<key>isa</key>
			<string>PBXBuildFile</string>
		</dict>
		<key>5E246D7E187A301A00C8BDED</key>
		<dict>
			<key>isa</key>
			<string>PBXFileReference</string>
			<key>lastKnownFileType</key>
			<string>sourcecode.c.h</string>
			<key>path</key>
			<string>ASHViewController.h</string>
			<key>sourceTree</key>
			<string>&lt;group&gt;</string>
		</dict>
		<key>5E246D7F187A301A00C8BDED</key>
		<dict>
			<key>isa</key>
			<string>PBXFileReference</string>
			<key>lastKnownFileType</key>
			<string>sourcecode.c.objc</string>
			<key>path</key>
			<string>ASHViewController.m</string>
			<key>sourceTree</key>
			<string>&lt;group&gt;</string>
		</dict>
		<key>5E246D80187A301A00C8BDED</key>
		<dict>
			<key>fileRef</key>
			<string>5E246D7F187A301A00C8BDED</string>
			<key>isa</key>
			<string>PBXBuildFile</string>
		</dict>
		<key>5E246D81187A301A00C8BDED</key>
		<dict>
			<key>isa</key>
			<string>PBXFileReference</string>
			<key>lastKnownFileType</key>
			<string>folder.assetcatalog</string>
			<key>path</key>
			<string>Images.xcassets</string>
			<key>sourceTree</key>
			<string>&lt;group&gt;</string>
		</dict>
		<key>5E246D82187A301A00C8BDED</key>
		<dict>
			<key>fileRef</key>
			<string>5E246D81187A301A00C8BDED</string>
			<key>isa</key>
			<string>PBXBuildFile</string>
		</dict>
		<key>5E246D83187A301A00C8BDED</key>
		<dict>
			<key>buildActionMask</key>
			<string>2147483647</string>
			<key>files</key>
			<array>
				<string>5E246D95187A301B00C8BDED</string>
			</array>
			<key>isa</key>
			<string>PBXSourcesBuildPhase</string>
			<key>runOnlyForDeploymentPostprocessing</key>
			<string>0</string>
		</dict>
		<key>5E246D84187A301A00C8BDED</key>
		<dict>
			<key>buildActionMask</key>
			<string>2147483647</string>
			<key>files</key>
			<array>
				<string>5E246D89187A301A00C8BDED</string>
				<string>5E246D8B187A301B00C8BDED</string>
				<string>5E246D8A187A301B00C8BDED</string>
			</array>
			<key>isa</key>
			<string>PBXFrameworksBuildPhase</string>
			<key>runOnlyForDeploymentPostprocessing</key>
			<string>0</string>
		</dict>
		<key>5E246D85187A301A00C8BDED</key>
		<dict>
			<key>buildActionMask</key>
			<string>2147483647</string>
			<key>files</key>
			<array>
				<string>5E246D93187A301B00C8BDED</string>
			</array>
			<key>isa</key>
			<string>PBXResourcesBuildPhase</string>
			<key>runOnlyForDeploymentPostprocessing</key>
			<string>0</string>
		</dict>
		<key>5E246D86187A301A00C8BDED</key>
		<dict>
			<key>buildConfigurationList</key>
			<string>5E246D9B187A301B00C8BDED</string>
			<key>buildPhases</key>
			<array>
				<string>5E246D83187A301A00C8BDED</string>
				<string>5E246D84187A301A00C8BDED</string>
				<string>5E246D85187A301A00C8BDED</string>
			</array>
			<key>buildRules</key>
			<array/>
			<key>dependencies</key>
			<array>
				<string>5E246D8D187A301B00C8BDED</string>
			</array>
			<key>isa</key>
			<string>PBXNativeTarget</string>
			<key>name</key>
			<string>AngularTests</string>
			<key>productName</key>
			<string>AngularTests</string>
			<key>productReference</key>
			<string>5E246D87187A301A00C8BDED</string>
			<key>productType</key>
			<string>com.apple.product-type.bundle.unit-test</string>
		</dict>
		<key>5E246D87187A301A00C8BDED</key>
		<dict>
			<key>explicitFileType</key>
			<string>wrapper.cfbundle</string>
			<key>includeInIndex</key>
			<string>0</string>
			<key>isa</key>
			<string>PBXFileReference</string>
			<key>path</key>
			<string>AngularTests.xctest</string>
			<key>sourceTree</key>
			<string>BUILT_PRODUCTS_DIR</string>
		</dict>
		<key>5E246D88187A301A00C8BDED</key>
		<dict>
			<key>isa</key>
			<string>PBXFileReference</string>
			<key>lastKnownFileType</key>
			<string>wrapper.framework</string>
			<key>name</key>
			<string>XCTest.framework</string>
			<key>path</key>
			<string>Library/Frameworks/XCTest.framework</string>
			<key>sourceTree</key>
			<string>DEVELOPER_DIR</string>
		</dict>
		<key>5E246D89187A301A00C8BDED</key>
		<dict>
			<key>fileRef</key>
			<string>5E246D88187A301A00C8BDED</string>
			<key>isa</key>
			<string>PBXBuildFile</string>
		</dict>
		<key>5E246D8A187A301B00C8BDED</key>
		<dict>
			<key>fileRef</key>
			<string>5E246D69187A301A00C8BDED</string>
			<key>isa</key>
			<string>PBXBuildFile</string>
		</dict>
		<key>5E246D8B187A301B00C8BDED</key>
		<dict>
			<key>fileRef</key>
			<string>5E246D6D187A301A00C8BDED</string>
			<key>isa</key>
			<string>PBXBuildFile</string>
		</dict>
		<key>5E246D8C187A301B00C8BDED</key>
		<dict>
			<key>containerPortal</key>
			<string>5E246D5E187A301A00C8BDED</string>
			<key>isa</key>
			<string>PBXContainerItemProxy</string>
			<key>proxyType</key>
			<string>1</string>
			<key>remoteGlobalIDString</key>
			<string>5E246D65187A301A00C8BDED</string>
			<key>remoteInfo</key>
			<string>Angular</string>
		</dict>
		<key>5E246D8D187A301B00C8BDED</key>
		<dict>
			<key>isa</key>
			<string>PBXTargetDependency</string>
			<key>target</key>
			<string>5E246D65187A301A00C8BDED</string>
			<key>targetProxy</key>
			<string>5E246D8C187A301B00C8BDED</string>
		</dict>
		<key>5E246D8E187A301B00C8BDED</key>
		<dict>
			<key>children</key>
			<array>
				<string>5E246D94187A301B00C8BDED</string>
				<string>5E246D8F187A301B00C8BDED</string>
			</array>
			<key>isa</key>
			<string>PBXGroup</string>
			<key>path</key>
			<string>AngularTests</string>
			<key>sourceTree</key>
			<string>&lt;group&gt;</string>
		</dict>
		<key>5E246D8F187A301B00C8BDED</key>
		<dict>
			<key>children</key>
			<array>
				<string>5E246D90187A301B00C8BDED</string>
				<string>5E246D91187A301B00C8BDED</string>
			</array>
			<key>isa</key>
			<string>PBXGroup</string>
			<key>name</key>
			<string>Supporting Files</string>
			<key>sourceTree</key>
			<string>&lt;group&gt;</string>
		</dict>
		<key>5E246D90187A301B00C8BDED</key>
		<dict>
			<key>isa</key>
			<string>PBXFileReference</string>
			<key>lastKnownFileType</key>
			<string>text.plist.xml</string>
			<key>path</key>
			<string>AngularTests-Info.plist</string>
			<key>sourceTree</key>
			<string>&lt;group&gt;</string>
		</dict>
		<key>5E246D91187A301B00C8BDED</key>
		<dict>
			<key>children</key>
			<array>
				<string>5E246D92187A301B00C8BDED</string>
			</array>
			<key>isa</key>
			<string>PBXVariantGroup</string>
			<key>name</key>
			<string>InfoPlist.strings</string>
			<key>sourceTree</key>
			<string>&lt;group&gt;</string>
		</dict>
		<key>5E246D92187A301B00C8BDED</key>
		<dict>
			<key>isa</key>
			<string>PBXFileReference</string>
			<key>lastKnownFileType</key>
			<string>text.plist.strings</string>
			<key>name</key>
			<string>en</string>
			<key>path</key>
			<string>en.lproj/InfoPlist.strings</string>
			<key>sourceTree</key>
			<string>&lt;group&gt;</string>
		</dict>
		<key>5E246D93187A301B00C8BDED</key>
		<dict>
			<key>fileRef</key>
			<string>5E246D91187A301B00C8BDED</string>
			<key>isa</key>
			<string>PBXBuildFile</string>
		</dict>
		<key>5E246D94187A301B00C8BDED</key>
		<dict>
			<key>isa</key>
			<string>PBXFileReference</string>
			<key>lastKnownFileType</key>
			<string>sourcecode.c.objc</string>
			<key>path</key>
			<string>AngularTests.m</string>
			<key>sourceTree</key>
			<string>&lt;group&gt;</string>
		</dict>
		<key>5E246D95187A301B00C8BDED</key>
		<dict>
			<key>fileRef</key>
			<string>5E246D94187A301B00C8BDED</string>
			<key>isa</key>
			<string>PBXBuildFile</string>
		</dict>
		<key>5E246D96187A301B00C8BDED</key>
		<dict>
			<key>buildSettings</key>
			<dict>
				<key>ALWAYS_SEARCH_USER_PATHS</key>
				<string>NO</string>
				<key>ARCHS</key>
				<string>$(ARCHS_STANDARD_INCLUDING_64_BIT)</string>
				<key>CLANG_CXX_LANGUAGE_STANDARD</key>
				<string>gnu++0x</string>
				<key>CLANG_CXX_LIBRARY</key>
				<string>libc++</string>
				<key>CLANG_ENABLE_MODULES</key>
				<string>YES</string>
				<key>CLANG_ENABLE_OBJC_ARC</key>
				<string>YES</string>
				<key>CLANG_WARN_BOOL_CONVERSION</key>
				<string>YES</string>
				<key>CLANG_WARN_CONSTANT_CONVERSION</key>
				<string>YES</string>
				<key>CLANG_WARN_DIRECT_OBJC_ISA_USAGE</key>
				<string>YES_ERROR</string>
				<key>CLANG_WARN_EMPTY_BODY</key>
				<string>YES</string>
				<key>CLANG_WARN_ENUM_CONVERSION</key>
				<string>YES</string>
				<key>CLANG_WARN_INT_CONVERSION</key>
				<string>YES</string>
				<key>CLANG_WARN_OBJC_ROOT_CLASS</key>
				<string>YES_ERROR</string>
				<key>CLANG_WARN__DUPLICATE_METHOD_MATCH</key>
				<string>YES</string>
				<key>CODE_SIGN_IDENTITY[sdk=iphoneos*]</key>
				<string>iPhone Developer</string>
				<key>COPY_PHASE_STRIP</key>
				<string>NO</string>
				<key>GCC_C_LANGUAGE_STANDARD</key>
				<string>gnu99</string>
				<key>GCC_DYNAMIC_NO_PIC</key>
				<string>NO</string>
				<key>GCC_OPTIMIZATION_LEVEL</key>
				<string>0</string>
				<key>GCC_PREPROCESSOR_DEFINITIONS</key>
				<array>
					<string>DEBUG=1</string>
					<string>$(inherited)</string>
				</array>
				<key>GCC_SYMBOLS_PRIVATE_EXTERN</key>
				<string>NO</string>
				<key>GCC_WARN_64_TO_32_BIT_CONVERSION</key>
				<string>YES</string>
				<key>GCC_WARN_ABOUT_RETURN_TYPE</key>
				<string>YES_ERROR</string>
				<key>GCC_WARN_UNDECLARED_SELECTOR</key>
				<string>YES</string>
				<key>GCC_WARN_UNINITIALIZED_AUTOS</key>
				<string>YES</string>
				<key>GCC_WARN_UNUSED_FUNCTION</key>
				<string>YES</string>
				<key>GCC_WARN_UNUSED_VARIABLE</key>
				<string>YES</string>
				<key>IPHONEOS_DEPLOYMENT_TARGET</key>
				<string>7.0</string>
				<key>ONLY_ACTIVE_ARCH</key>
				<string>YES</string>
				<key>SDKROOT</key>
				<string>iphoneos</string>
			</dict>
			<key>isa</key>
			<string>XCBuildConfiguration</string>
			<key>name</key>
			<string>Debug</string>
		</dict>
		<key>5E246D97187A301B00C8BDED</key>
		<dict>
			<key>buildSettings</key>
			<dict>
				<key>ALWAYS_SEARCH_USER_PATHS</key>
				<string>NO</string>
				<key>ARCHS</key>
				<string>$(ARCHS_STANDARD_INCLUDING_64_BIT)</string>
				<key>CLANG_CXX_LANGUAGE_STANDARD</key>
				<string>gnu++0x</string>
				<key>CLANG_CXX_LIBRARY</key>
				<string>libc++</string>
				<key>CLANG_ENABLE_MODULES</key>
				<string>YES</string>
				<key>CLANG_ENABLE_OBJC_ARC</key>
				<string>YES</string>
				<key>CLANG_WARN_BOOL_CONVERSION</key>
				<string>YES</string>
				<key>CLANG_WARN_CONSTANT_CONVERSION</key>
				<string>YES</string>
				<key>CLANG_WARN_DIRECT_OBJC_ISA_USAGE</key>
				<string>YES_ERROR</string>
				<key>CLANG_WARN_EMPTY_BODY</key>
				<string>YES</string>
				<key>CLANG_WARN_ENUM_CONVERSION</key>
				<string>YES</string>
				<key>CLANG_WARN_INT_CONVERSION</key>
				<string>YES</string>
				<key>CLANG_WARN_OBJC_ROOT_CLASS</key>
				<string>YES_ERROR</string>
				<key>CLANG_WARN__DUPLICATE_METHOD_MATCH</key>
				<string>YES</string>
				<key>CODE_SIGN_IDENTITY[sdk=iphoneos*]</key>
				<string>iPhone Developer</string>
				<key>COPY_PHASE_STRIP</key>
				<string>YES</string>
				<key>ENABLE_NS_ASSERTIONS</key>
				<string>NO</string>
				<key>GCC_C_LANGUAGE_STANDARD</key>
				<string>gnu99</string>
				<key>GCC_WARN_64_TO_32_BIT_CONVERSION</key>
				<string>YES</string>
				<key>GCC_WARN_ABOUT_RETURN_TYPE</key>
				<string>YES_ERROR</string>
				<key>GCC_WARN_UNDECLARED_SELECTOR</key>
				<string>YES</string>
				<key>GCC_WARN_UNINITIALIZED_AUTOS</key>
				<string>YES</string>
				<key>GCC_WARN_UNUSED_FUNCTION</key>
				<string>YES</string>
				<key>GCC_WARN_UNUSED_VARIABLE</key>
				<string>YES</string>
				<key>IPHONEOS_DEPLOYMENT_TARGET</key>
				<string>7.0</string>
				<key>SDKROOT</key>
				<string>iphoneos</string>
				<key>VALIDATE_PRODUCT</key>
				<string>YES</string>
			</dict>
			<key>isa</key>
			<string>XCBuildConfiguration</string>
			<key>name</key>
			<string>Release</string>
		</dict>
		<key>5E246D98187A301B00C8BDED</key>
		<dict>
			<key>buildConfigurations</key>
			<array>
				<string>5E246D99187A301B00C8BDED</string>
				<string>5E246D9A187A301B00C8BDED</string>
			</array>
			<key>defaultConfigurationIsVisible</key>
			<string>0</string>
			<key>isa</key>
			<string>XCConfigurationList</string>
		</dict>
		<key>5E246D99187A301B00C8BDED</key>
		<dict>
			<key>baseConfigurationReference</key>
			<string>782A595DB1AC4D3EB11C765C</string>
			<key>buildSettings</key>
			<dict>
				<key>ASSETCATALOG_COMPILER_APPICON_NAME</key>
				<string>AppIcon</string>
				<key>ASSETCATALOG_COMPILER_LAUNCHIMAGE_NAME</key>
				<string>LaunchImage</string>
				<key>GCC_PRECOMPILE_PREFIX_HEADER</key>
				<string>YES</string>
				<key>GCC_PREFIX_HEADER</key>
				<string>Angular/Angular-Prefix.pch</string>
				<key>INFOPLIST_FILE</key>
				<string>Angular/Angular-Info.plist</string>
				<key>PRODUCT_NAME</key>
				<string>$(TARGET_NAME)</string>
				<key>WRAPPER_EXTENSION</key>
				<string>app</string>
			</dict>
			<key>isa</key>
			<string>XCBuildConfiguration</string>
			<key>name</key>
			<string>Debug</string>
		</dict>
		<key>5E246D9A187A301B00C8BDED</key>
		<dict>
			<key>baseConfigurationReference</key>
			<string>782A595DB1AC4D3EB11C765C</string>
			<key>buildSettings</key>
			<dict>
				<key>ASSETCATALOG_COMPILER_APPICON_NAME</key>
				<string>AppIcon</string>
				<key>ASSETCATALOG_COMPILER_LAUNCHIMAGE_NAME</key>
				<string>LaunchImage</string>
				<key>GCC_PRECOMPILE_PREFIX_HEADER</key>
				<string>YES</string>
				<key>GCC_PREFIX_HEADER</key>
				<string>Angular/Angular-Prefix.pch</string>
				<key>INFOPLIST_FILE</key>
				<string>Angular/Angular-Info.plist</string>
				<key>PRODUCT_NAME</key>
				<string>$(TARGET_NAME)</string>
				<key>WRAPPER_EXTENSION</key>
				<string>app</string>
			</dict>
			<key>isa</key>
			<string>XCBuildConfiguration</string>
			<key>name</key>
			<string>Release</string>
		</dict>
		<key>5E246D9B187A301B00C8BDED</key>
		<dict>
			<key>buildConfigurations</key>
			<array>
				<string>5E246D9C187A301B00C8BDED</string>
				<string>5E246D9D187A301B00C8BDED</string>
			</array>
			<key>defaultConfigurationIsVisible</key>
			<string>0</string>
			<key>isa</key>
			<string>XCConfigurationList</string>
		</dict>
		<key>5E246D9C187A301B00C8BDED</key>
		<dict>
			<key>buildSettings</key>
			<dict>
				<key>ARCHS</key>
				<string>$(ARCHS_STANDARD_INCLUDING_64_BIT)</string>
				<key>BUNDLE_LOADER</key>
				<string>$(BUILT_PRODUCTS_DIR)/Angular.app/Angular</string>
				<key>FRAMEWORK_SEARCH_PATHS</key>
				<array>
					<string>$(SDKROOT)/Developer/Library/Frameworks</string>
					<string>$(inherited)</string>
					<string>$(DEVELOPER_FRAMEWORKS_DIR)</string>
				</array>
				<key>GCC_PRECOMPILE_PREFIX_HEADER</key>
				<string>YES</string>
				<key>GCC_PREFIX_HEADER</key>
				<string>Angular/Angular-Prefix.pch</string>
				<key>GCC_PREPROCESSOR_DEFINITIONS</key>
				<array>
					<string>DEBUG=1</string>
					<string>$(inherited)</string>
				</array>
				<key>INFOPLIST_FILE</key>
				<string>AngularTests/AngularTests-Info.plist</string>
				<key>PRODUCT_NAME</key>
				<string>$(TARGET_NAME)</string>
				<key>TEST_HOST</key>
				<string>$(BUNDLE_LOADER)</string>
				<key>WRAPPER_EXTENSION</key>
				<string>xctest</string>
			</dict>
			<key>isa</key>
			<string>XCBuildConfiguration</string>
			<key>name</key>
			<string>Debug</string>
		</dict>
		<key>5E246D9D187A301B00C8BDED</key>
		<dict>
			<key>buildSettings</key>
			<dict>
				<key>ARCHS</key>
				<string>$(ARCHS_STANDARD_INCLUDING_64_BIT)</string>
				<key>BUNDLE_LOADER</key>
				<string>$(BUILT_PRODUCTS_DIR)/Angular.app/Angular</string>
				<key>FRAMEWORK_SEARCH_PATHS</key>
				<array>
					<string>$(SDKROOT)/Developer/Library/Frameworks</string>
					<string>$(inherited)</string>
					<string>$(DEVELOPER_FRAMEWORKS_DIR)</string>
				</array>
				<key>GCC_PRECOMPILE_PREFIX_HEADER</key>
				<string>YES</string>
				<key>GCC_PREFIX_HEADER</key>
				<string>Angular/Angular-Prefix.pch</string>
				<key>INFOPLIST_FILE</key>
				<string>AngularTests/AngularTests-Info.plist</string>
				<key>PRODUCT_NAME</key>
				<string>$(TARGET_NAME)</string>
				<key>TEST_HOST</key>
				<string>$(BUNDLE_LOADER)</string>
				<key>WRAPPER_EXTENSION</key>
				<string>xctest</string>
			</dict>
			<key>isa</key>
			<string>XCBuildConfiguration</string>
			<key>name</key>
			<string>Release</string>
		</dict>
		<key>5E246D9E187A309D00C8BDED</key>
		<dict>
			<key>fileEncoding</key>
			<string>4</string>
			<key>isa</key>
			<string>PBXFileReference</string>
			<key>lastKnownFileType</key>
			<string>sourcecode.c.h</string>
			<key>path</key>
			<string>ASHGameBoardViewController.h</string>
			<key>sourceTree</key>
			<string>&lt;group&gt;</string>
		</dict>
		<key>5E246D9F187A309D00C8BDED</key>
		<dict>
			<key>fileEncoding</key>
			<string>4</string>
			<key>isa</key>
			<string>PBXFileReference</string>
			<key>lastKnownFileType</key>
			<string>sourcecode.c.objc</string>
			<key>path</key>
			<string>ASHGameBoardViewController.m</string>
			<key>sourceTree</key>
			<string>&lt;group&gt;</string>
		</dict>
		<key>5E246DA0187A309D00C8BDED</key>
		<dict>
			<key>fileRef</key>
			<string>5E246D9F187A309D00C8BDED</string>
			<key>isa</key>
			<string>PBXBuildFile</string>
		</dict>
		<key>5E246DA1187A30B400C8BDED</key>
		<dict>
			<key>children</key>
			<array>
				<string>5E246D9E187A309D00C8BDED</string>
				<string>5E246D9F187A309D00C8BDED</string>
			</array>
			<key>isa</key>
			<string>PBXGroup</string>
			<key>name</key>
			<string>Board</string>
			<key>sourceTree</key>
			<string>&lt;group&gt;</string>
		</dict>
		<key>782A595DB1AC4D3EB11C765C</key>
		<dict>
			<key>includeInIndex</key>
			<string>1</string>
			<key>isa</key>
			<string>PBXFileReference</string>
			<key>lastKnownFileType</key>
			<string>text.xcconfig</string>
			<key>name</key>
			<string>Pods-Angular.xcconfig</string>
			<key>path</key>
			<string>Pods/Pods-Angular.xcconfig</string>
			<key>sourceTree</key>
			<string>&lt;group&gt;</string>
		</dict>
		<key>8F571ACC48DA47F48CC031D5</key>
		<dict>
			<key>buildActionMask</key>
			<string>2147483647</string>
			<key>files</key>
			<array/>
			<key>inputPaths</key>
			<array/>
			<key>isa</key>
			<string>PBXShellScriptBuildPhase</string>
			<key>name</key>
			<string>Check Pods Manifest.lock</string>
			<key>outputPaths</key>
			<array/>
			<key>runOnlyForDeploymentPostprocessing</key>
			<string>0</string>
			<key>shellPath</key>
			<string>/bin/sh</string>
			<key>shellScript</key>
			<string>diff "${PODS_ROOT}/../Podfile.lock" "${PODS_ROOT}/Manifest.lock" &gt; /dev/null
if [[ $? != 0 ]] ; then
    cat &lt;&lt; EOM
error: The sandbox is not in sync with the Podfile.lock. Run 'pod install' or update your CocoaPods installation.
EOM
    exit 1
fi
</string>
			<key>showEnvVarsInLog</key>
			<string>0</string>
		</dict>
		<key>922897D2E5A94230AE54D6DC</key>
		<dict>
			<key>buildActionMask</key>
			<string>2147483647</string>
			<key>files</key>
			<array/>
			<key>inputPaths</key>
			<array/>
			<key>isa</key>
			<string>PBXShellScriptBuildPhase</string>
			<key>name</key>
			<string>Copy Pods Resources</string>
			<key>outputPaths</key>
			<array/>
			<key>runOnlyForDeploymentPostprocessing</key>
			<string>0</string>
			<key>shellPath</key>
			<string>/bin/sh</string>
			<key>shellScript</key>
			<string>"${SRCROOT}/Pods/Pods-Angular-resources.sh"
</string>
			<key>showEnvVarsInLog</key>
			<string>0</string>
		</dict>
		<key>FAC5B1D2F2FE44DB88B73CB0</key>
		<dict>
			<key>explicitFileType</key>
			<string>archive.ar</string>
			<key>includeInIndex</key>
			<string>0</string>
			<key>isa</key>
			<string>PBXFileReference</string>
			<key>path</key>
			<string>libPods-Angular.a</string>
			<key>sourceTree</key>
			<string>BUILT_PRODUCTS_DIR</string>
		</dict>
	</dict>
	<key>rootObject</key>
	<string>5E246D5E187A301A00C8BDED</string>
</dict>
</plist>
